%{
  "dotenv_parser": {:hex, :dotenv_parser, "2.0.0", "0f999196857e4ee18cbba1413018d5e4980ab16b397e3a2f8d0cf541fe683181", [:mix], [], "hexpm", "e769bde2dbff5b0cd0d9d877a9ccfd2c6dd84772dfb405d5a43cceb4f93616c5"},
  "jason": {:hex, :jason, "1.4.0", "e855647bc964a44e2f67df589ccf49105ae039d4179db7f6271dfd3843dc27e6", [:mix], [{:decimal, "~> 1.0 or ~> 2.0", [hex: :decimal, repo: "hexpm", optional: true]}], "hexpm", "79a3791085b2a0f743ca04cec0f7be26443738779d09302e01318f97bdb82121"},
}
